
Microsoft Visual Studio Solution File, Format Version 12.00
# Visual Studio Version 17
VisualStudioVersion = 17.0.31903.59
MinimumVisualStudioVersion = 10.0.40219.1
Project("{2150E333-8FDC-42A3-9474-1A3956D46DE8}") = "Section01_EstruturaBasicaCSharp", "Section01_EstruturaBasicaCSharp", "{8E4CBF3D-C622-4CF4-ADE0-02E1B9B679B1}"
EndProject
Project("{FAE04EC0-301F-11D3-BF4B-00C04F79EFBC}") = "PrimeiroProjeto", "Section01_EstruturaBasicaCSharp\PrimeiroProjeto\PrimeiroProjeto.csproj", "{B5EABA59-CF66-4845-A3F0-65BD0E36DB86}"
EndProject
Project("{2150E333-8FDC-42A3-9474-1A3956D46DE8}") = "Section02_RecapitulacaoLogicaCSharp", "Section02_RecapitulacaoLogicaCSharp", "{335844A2-19FF-4906-BF30-567B37F02E99}"
EndProject
Project("{FAE04EC0-301F-11D3-BF4B-00C04F79EFBC}") = "Parte1_EntradaDeDados", "Section02_RecapitulacaoLogicaCSharp\Parte1_EntradaDeDados\Parte1_EntradaDeDados.csproj", "{F970AC30-A4E7-4712-B520-EAC3E315FF02}"
EndProject
Project("{FAE04EC0-301F-11D3-BF4B-00C04F79EFBC}") = "Parte1_SaidaDeDados", "Section02_RecapitulacaoLogicaCSharp\Parte1_SaidaDeDados\Parte1_SaidaDeDados.csproj", "{41B36687-E41A-4655-B0F0-E875B254FE8E}"
EndProject
Project("{2150E333-8FDC-42A3-9474-1A3956D46DE8}") = "Parte2_EstruturaCondicional", "Parte2_EstruturaCondicional", "{68699A6B-7BA5-4D6C-AD75-21EC2D4F31EC}"
EndProject
Project("{FAE04EC0-301F-11D3-BF4B-00C04F79EFBC}") = "Exercicio01_NumeroNegativo", "Section02_RecapitulacaoLogicaCSharp\Parte2_EstruturaCondicional\Exercicio01_NumeroNegativo\Exercicio01_NumeroNegativo.csproj", "{686CB07F-970B-4768-B855-1E3BD450CB54}"
EndProject
Project("{FAE04EC0-301F-11D3-BF4B-00C04F79EFBC}") = "Exercicio02_ParOuImpar", "Section02_RecapitulacaoLogicaCSharp\Parte2_EstruturaCondicional\Exercicio02_ParOuImpar\Exercicio02_ParOuImpar.csproj", "{BE5DB8A1-6719-404B-A1AF-D6CD2C79A689}"
EndProject
Project("{FAE04EC0-301F-11D3-BF4B-00C04F79EFBC}") = "Exercicio03_Multiplos", "Section02_RecapitulacaoLogicaCSharp\Parte2_EstruturaCondicional\Exercicio03_Multiplos\Exercicio03_Multiplos.csproj", "{EAA3463E-44C0-4811-BB03-3263616C7469}"
EndProject
Project("{FAE04EC0-301F-11D3-BF4B-00C04F79EFBC}") = "Exercicio04_DuracaoJogo", "Section02_RecapitulacaoLogicaCSharp\Parte2_EstruturaCondicional\Exercicio04_DuracaoJogo\Exercicio04_DuracaoJogo.csproj", "{B057E849-D1F5-44B0-89A5-999E191464AA}"
EndProject
Project("{FAE04EC0-301F-11D3-BF4B-00C04F79EFBC}") = "Exercicio05_Lanchonete", "Section02_RecapitulacaoLogicaCSharp\Parte2_EstruturaCondicional\Exercicio05_Lanchonete\Exercicio05_Lanchonete.csproj", "{3FE4580E-8BB8-4C28-82FD-4526A3083A40}"
EndProject
Project("{FAE04EC0-301F-11D3-BF4B-00C04F79EFBC}") = "Exercicio06_Intervalos", "Section02_RecapitulacaoLogicaCSharp\Parte2_EstruturaCondicional\Exercicio06_Intervalos\Exercicio06_Intervalos.csproj", "{8BF88E85-2DBE-4CB2-8B9E-9677B847B78E}"
EndProject
Project("{FAE04EC0-301F-11D3-BF4B-00C04F79EFBC}") = "Exercicio07_Quadrantes", "Section02_RecapitulacaoLogicaCSharp\Parte2_EstruturaCondicional\Exercicio07_Quadrantes\Exercicio07_Quadrantes.csproj", "{FB944061-AE6B-44AD-9191-BFEDF4ED2672}"
EndProject
Project("{FAE04EC0-301F-11D3-BF4B-00C04F79EFBC}") = "Exercicio08_ImpostoDeRenda", "Section02_RecapitulacaoLogicaCSharp\Parte2_EstruturaCondicional\Exercicio08_ImpostoDeRenda\Exercicio08_ImpostoDeRenda.csproj", "{1D9DF2D1-7755-4756-9D71-CBB5FFB08BE0}"
EndProject
Project("{2150E333-8FDC-42A3-9474-1A3956D46DE8}") = "Parte3_EstruturaWhile", "Parte3_EstruturaWhile", "{DD3B1F38-461C-481B-8B3E-1975B0244A77}"
EndProject
Project("{FAE04EC0-301F-11D3-BF4B-00C04F79EFBC}") = "Exercicio01_SenhaValida", "Section02_RecapitulacaoLogicaCSharp\Parte3_EstruturaWhile\Exercicio01_SenhaValida\Exercicio01_SenhaValida.csproj", "{0180E670-CC5E-46BC-9BE4-6221942EA041}"
EndProject
Project("{FAE04EC0-301F-11D3-BF4B-00C04F79EFBC}") = "Exercicio02_Coordenadas", "Section02_RecapitulacaoLogicaCSharp\Parte3_EstruturaWhile\Exercicio02_Coordenadas\Exercicio02_Coordenadas.csproj", "{322E6A9B-7E24-45AF-8A01-45FF01329205}"
EndProject
Project("{FAE04EC0-301F-11D3-BF4B-00C04F79EFBC}") = "Exercicio03_PostoDeCombustivel", "Section02_RecapitulacaoLogicaCSharp\Parte3_EstruturaWhile\Exercicio03_PostoDeCombustivel\Exercicio03_PostoDeCombustivel.csproj", "{B2AE0EA0-D9B5-4F69-82C9-F8AA6DF56F78}"
EndProject
Project("{2150E333-8FDC-42A3-9474-1A3956D46DE8}") = "Parte4_EstruturaFor", "Parte4_EstruturaFor", "{4DFD01C6-D1F6-427F-8577-CEAB993E833A}"
EndProject
Project("{FAE04EC0-301F-11D3-BF4B-00C04F79EFBC}") = "Exercicio01_Impares", "Section02_RecapitulacaoLogicaCSharp\Parte4_EstruturaFor\Exercicio01_Impares\Exercicio01_Impares.csproj", "{9CA06563-B254-464A-9329-9ED8B48C9C7D}"
EndProject
Project("{FAE04EC0-301F-11D3-BF4B-00C04F79EFBC}") = "Exercicio02_DentroFora", "Section02_RecapitulacaoLogicaCSharp\Parte4_EstruturaFor\Exercicio02_DentroFora\Exercicio02_DentroFora.csproj", "{6170475B-F3AE-4DFC-B62B-BCA69EEBC386}"
EndProject
Project("{FAE04EC0-301F-11D3-BF4B-00C04F79EFBC}") = "Exercicio03_MediasPonderadas", "Section02_RecapitulacaoLogicaCSharp\Parte4_EstruturaFor\Exercicio03_MediasPonderadas\Exercicio03_MediasPonderadas.csproj", "{B969BF1C-6311-4368-94B1-1D87119C5B9B}"
EndProject
Project("{FAE04EC0-301F-11D3-BF4B-00C04F79EFBC}") = "Exercicio04_DivisaoPares", "Section02_RecapitulacaoLogicaCSharp\Parte4_EstruturaFor\Exercicio04_DivisaoPares\Exercicio04_DivisaoPares.csproj", "{47B474A6-5512-4819-AC76-CF6305D44880}"
EndProject
Project("{FAE04EC0-301F-11D3-BF4B-00C04F79EFBC}") = "Exercicio05_Fatorial", "Section02_RecapitulacaoLogicaCSharp\Parte4_EstruturaFor\Exercicio05_Fatorial\Exercicio05_Fatorial.csproj", "{0E94AE4D-3CB3-4210-91D5-D7B269CC663D}"
EndProject
Project("{FAE04EC0-301F-11D3-BF4B-00C04F79EFBC}") = "Exercicio06_Divisores", "Section02_RecapitulacaoLogicaCSharp\Parte4_EstruturaFor\Exercicio06_Divisores\Exercicio06_Divisores.csproj", "{7A6670B7-06D7-4717-BC0E-E4B0980E849C}"
EndProject
Project("{FAE04EC0-301F-11D3-BF4B-00C04F79EFBC}") = "Exercicio07_LinhasQuadradoCubo", "Section02_RecapitulacaoLogicaCSharp\Parte4_EstruturaFor\Exercicio07_LinhasQuadradoCubo\Exercicio07_LinhasQuadradoCubo.csproj", "{F4AA4C57-579E-4A21-A44E-DFE6A93CEFB1}"
EndProject
Project("{2150E333-8FDC-42A3-9474-1A3956D46DE8}") = "Section03_Classes_Atributos_Metodos_MembrosEstaticos", "Section03_Classes_Atributos_Metodos_MembrosEstaticos", "{8F370008-7FD0-4EC7-8011-5118A8C1FFDC}"
EndProject
Project("{FAE04EC0-301F-11D3-BF4B-00C04F79EFBC}") = "Exercicio01_PessoaMaisVelha", "Section03_Classes_Atributos_Metodos_MembrosEstaticos\Exercicio01_PessoaMaisVelha\Exercicio01_PessoaMaisVelha.csproj", "{4C63D2A5-38D4-4F40-8C2B-48681F99E868}"
EndProject
Project("{FAE04EC0-301F-11D3-BF4B-00C04F79EFBC}") = "Exercicio02_SalarioMedio", "Section03_Classes_Atributos_Metodos_MembrosEstaticos\Exercicio02_SalarioMedio\Exercicio02_SalarioMedio.csproj", "{70B3CCE0-2E4F-4E3F-855F-0E980A3684F2}"
EndProject
Project("{FAE04EC0-301F-11D3-BF4B-00C04F79EFBC}") = "ExercicioFixacao01_Retangulo", "Section03_Classes_Atributos_Metodos_MembrosEstaticos\ExercicioFixacao01_Retangulo\ExercicioFixacao01_Retangulo.csproj", "{4009FD30-5527-4995-8605-29572B934387}"
EndProject
Project("{FAE04EC0-301F-11D3-BF4B-00C04F79EFBC}") = "ExercicioFixacao02_Funcionario", "Section03_Classes_Atributos_Metodos_MembrosEstaticos\ExercicioFixacao02_Funcionario\ExercicioFixacao02_Funcionario.csproj", "{3D3CCACD-AF27-4B7C-B3C5-F493D368F79F}"
EndProject
Project("{FAE04EC0-301F-11D3-BF4B-00C04F79EFBC}") = "ExercicioFixacao03_Aluno", "Section03_Classes_Atributos_Metodos_MembrosEstaticos\ExercicioFixacao03_Aluno\ExercicioFixacao03_Aluno.csproj", "{0AB72B86-E59F-478B-A6DF-87D43DF54CE6}"
EndProject
Project("{2150E333-8FDC-42A3-9474-1A3956D46DE8}") = "Section04_Construtores_this_Sobrecarga_Encapsulamento", "Section04_Construtores_this_Sobrecarga_Encapsulamento", "{C8EFE446-476D-47C4-B94B-94E000AF2E23}"
EndProject
Project("{FAE04EC0-301F-11D3-BF4B-00C04F79EFBC}") = "Exercicio_Fixacao_ContaBancaria", "Section04_Construtores_this_Sobrecarga_Encapsulamento\Exercicio_Fixacao_ContaBancaria\Exercicio_Fixacao_ContaBancaria.csproj", "{89E745E5-799A-4936-945B-F4841FBDBCF7}"
EndProject
Project("{2150E333-8FDC-42A3-9474-1A3956D46DE8}") = "Section05_Memoria_Arrays_Listas", "Section05_Memoria_Arrays_Listas", "{1BD19748-8286-490C-81D3-816C52ABCD76}"
EndProject
Project("{FAE04EC0-301F-11D3-BF4B-00C04F79EFBC}") = "Exercicio01_Pensionato", "Section05_Memoria_Arrays_Listas\Exercicio01_Pensionato\Exercicio01_Pensionato.csproj", "{20EF48A5-1CF8-489F-923E-0E13D28E3010}"
EndProject
Project("{FAE04EC0-301F-11D3-BF4B-00C04F79EFBC}") = "Exercicio02_Funcionarios", "Section05_Memoria_Arrays_Listas\Exercicio02_Funcionarios\Exercicio02_Funcionarios.csproj", "{ADF2BA94-5F2A-4C0C-9146-DD09C3B1346A}"
EndProject
Project("{FAE04EC0-301F-11D3-BF4B-00C04F79EFBC}") = "Exercicio03_Matrizes", "Section05_Memoria_Arrays_Listas\Exercicio03_Matrizes\Exercicio03_Matrizes.csproj", "{7FC15CE1-7F73-4A88-BABE-0B90CE812B93}"
EndProject
Project("{2150E333-8FDC-42A3-9474-1A3956D46DE8}") = "Section06_Heranca_Polimorfismo", "Section06_Heranca_Polimorfismo", "{84ED55DB-6BA9-4FD5-A973-AAD71FBF6950}"
EndProject
Project("{FAE04EC0-301F-11D3-BF4B-00C04F79EFBC}") = "ExercicioFixacao01_Produtos", "Section06_Heranca_Polimorfismo\ExercicioFixacao01_Produtos\ExercicioFixacao01_Produtos.csproj", "{1219A73C-271D-48C3-BA39-3FD9C499656C}"
EndProject
Project("{FAE04EC0-301F-11D3-BF4B-00C04F79EFBC}") = "ExercicioFixacao02_Impostos", "Section06_Heranca_Polimorfismo\ExercicioFixacao02_Impostos\ExercicioFixacao02_Impostos.csproj", "{758FD576-7DB9-4A49-8C1B-DC47132B5B88}"
EndProject
Project("{2150E333-8FDC-42A3-9474-1A3956D46DE8}") = "Section07_Tratamento_Excecoes", "Section07_Tratamento_Excecoes", "{ED36B974-DDB7-4A47-B747-27014B106D60}"
EndProject
Project("{FAE04EC0-301F-11D3-BF4B-00C04F79EFBC}") = "ExercicioFixacao_Exceptions", "Section07_Tratamento_Excecoes\ExercicioFixacao_Exceptions\ExercicioFixacao_Exceptions.csproj", "{C398BB80-9837-4AC3-A659-D62D1676A2D1}"
EndProject
Global
	GlobalSection(SolutionProperties) = preSolution
		HideSolutionNode = FALSE
	EndGlobalSection
	GlobalSection(SolutionConfigurationPlatforms) = preSolution
		Debug|Any CPU = Debug|Any CPU
		Debug|x64 = Debug|x64
		Debug|x86 = Debug|x86
		Release|Any CPU = Release|Any CPU
		Release|x64 = Release|x64
		Release|x86 = Release|x86
	EndGlobalSection
	GlobalSection(ProjectConfigurationPlatforms) = postSolution
		{B5EABA59-CF66-4845-A3F0-65BD0E36DB86}.Debug|Any CPU.ActiveCfg = Debug|Any CPU
		{B5EABA59-CF66-4845-A3F0-65BD0E36DB86}.Debug|Any CPU.Build.0 = Debug|Any CPU
		{B5EABA59-CF66-4845-A3F0-65BD0E36DB86}.Debug|x64.ActiveCfg = Debug|Any CPU
		{B5EABA59-CF66-4845-A3F0-65BD0E36DB86}.Debug|x64.Build.0 = Debug|Any CPU
		{B5EABA59-CF66-4845-A3F0-65BD0E36DB86}.Debug|x86.ActiveCfg = Debug|Any CPU
		{B5EABA59-CF66-4845-A3F0-65BD0E36DB86}.Debug|x86.Build.0 = Debug|Any CPU
		{B5EABA59-CF66-4845-A3F0-65BD0E36DB86}.Release|Any CPU.ActiveCfg = Release|Any CPU
		{B5EABA59-CF66-4845-A3F0-65BD0E36DB86}.Release|Any CPU.Build.0 = Release|Any CPU
		{B5EABA59-CF66-4845-A3F0-65BD0E36DB86}.Release|x64.ActiveCfg = Release|Any CPU
		{B5EABA59-CF66-4845-A3F0-65BD0E36DB86}.Release|x64.Build.0 = Release|Any CPU
		{B5EABA59-CF66-4845-A3F0-65BD0E36DB86}.Release|x86.ActiveCfg = Release|Any CPU
		{B5EABA59-CF66-4845-A3F0-65BD0E36DB86}.Release|x86.Build.0 = Release|Any CPU
		{F970AC30-A4E7-4712-B520-EAC3E315FF02}.Debug|Any CPU.ActiveCfg = Debug|Any CPU
		{F970AC30-A4E7-4712-B520-EAC3E315FF02}.Debug|Any CPU.Build.0 = Debug|Any CPU
		{F970AC30-A4E7-4712-B520-EAC3E315FF02}.Debug|x64.ActiveCfg = Debug|Any CPU
		{F970AC30-A4E7-4712-B520-EAC3E315FF02}.Debug|x64.Build.0 = Debug|Any CPU
		{F970AC30-A4E7-4712-B520-EAC3E315FF02}.Debug|x86.ActiveCfg = Debug|Any CPU
		{F970AC30-A4E7-4712-B520-EAC3E315FF02}.Debug|x86.Build.0 = Debug|Any CPU
		{F970AC30-A4E7-4712-B520-EAC3E315FF02}.Release|Any CPU.ActiveCfg = Release|Any CPU
		{F970AC30-A4E7-4712-B520-EAC3E315FF02}.Release|Any CPU.Build.0 = Release|Any CPU
		{F970AC30-A4E7-4712-B520-EAC3E315FF02}.Release|x64.ActiveCfg = Release|Any CPU
		{F970AC30-A4E7-4712-B520-EAC3E315FF02}.Release|x64.Build.0 = Release|Any CPU
		{F970AC30-A4E7-4712-B520-EAC3E315FF02}.Release|x86.ActiveCfg = Release|Any CPU
		{F970AC30-A4E7-4712-B520-EAC3E315FF02}.Release|x86.Build.0 = Release|Any CPU
		{41B36687-E41A-4655-B0F0-E875B254FE8E}.Debug|Any CPU.ActiveCfg = Debug|Any CPU
		{41B36687-E41A-4655-B0F0-E875B254FE8E}.Debug|Any CPU.Build.0 = Debug|Any CPU
		{41B36687-E41A-4655-B0F0-E875B254FE8E}.Debug|x64.ActiveCfg = Debug|Any CPU
		{41B36687-E41A-4655-B0F0-E875B254FE8E}.Debug|x64.Build.0 = Debug|Any CPU
		{41B36687-E41A-4655-B0F0-E875B254FE8E}.Debug|x86.ActiveCfg = Debug|Any CPU
		{41B36687-E41A-4655-B0F0-E875B254FE8E}.Debug|x86.Build.0 = Debug|Any CPU
		{41B36687-E41A-4655-B0F0-E875B254FE8E}.Release|Any CPU.ActiveCfg = Release|Any CPU
		{41B36687-E41A-4655-B0F0-E875B254FE8E}.Release|Any CPU.Build.0 = Release|Any CPU
		{41B36687-E41A-4655-B0F0-E875B254FE8E}.Release|x64.ActiveCfg = Release|Any CPU
		{41B36687-E41A-4655-B0F0-E875B254FE8E}.Release|x64.Build.0 = Release|Any CPU
		{41B36687-E41A-4655-B0F0-E875B254FE8E}.Release|x86.ActiveCfg = Release|Any CPU
		{41B36687-E41A-4655-B0F0-E875B254FE8E}.Release|x86.Build.0 = Release|Any CPU
		{686CB07F-970B-4768-B855-1E3BD450CB54}.Debug|Any CPU.ActiveCfg = Debug|Any CPU
		{686CB07F-970B-4768-B855-1E3BD450CB54}.Debug|Any CPU.Build.0 = Debug|Any CPU
		{686CB07F-970B-4768-B855-1E3BD450CB54}.Debug|x64.ActiveCfg = Debug|Any CPU
		{686CB07F-970B-4768-B855-1E3BD450CB54}.Debug|x64.Build.0 = Debug|Any CPU
		{686CB07F-970B-4768-B855-1E3BD450CB54}.Debug|x86.ActiveCfg = Debug|Any CPU
		{686CB07F-970B-4768-B855-1E3BD450CB54}.Debug|x86.Build.0 = Debug|Any CPU
		{686CB07F-970B-4768-B855-1E3BD450CB54}.Release|Any CPU.ActiveCfg = Release|Any CPU
		{686CB07F-970B-4768-B855-1E3BD450CB54}.Release|Any CPU.Build.0 = Release|Any CPU
		{686CB07F-970B-4768-B855-1E3BD450CB54}.Release|x64.ActiveCfg = Release|Any CPU
		{686CB07F-970B-4768-B855-1E3BD450CB54}.Release|x64.Build.0 = Release|Any CPU
		{686CB07F-970B-4768-B855-1E3BD450CB54}.Release|x86.ActiveCfg = Release|Any CPU
		{686CB07F-970B-4768-B855-1E3BD450CB54}.Release|x86.Build.0 = Release|Any CPU
		{BE5DB8A1-6719-404B-A1AF-D6CD2C79A689}.Debug|Any CPU.ActiveCfg = Debug|Any CPU
		{BE5DB8A1-6719-404B-A1AF-D6CD2C79A689}.Debug|Any CPU.Build.0 = Debug|Any CPU
		{BE5DB8A1-6719-404B-A1AF-D6CD2C79A689}.Debug|x64.ActiveCfg = Debug|Any CPU
		{BE5DB8A1-6719-404B-A1AF-D6CD2C79A689}.Debug|x64.Build.0 = Debug|Any CPU
		{BE5DB8A1-6719-404B-A1AF-D6CD2C79A689}.Debug|x86.ActiveCfg = Debug|Any CPU
		{BE5DB8A1-6719-404B-A1AF-D6CD2C79A689}.Debug|x86.Build.0 = Debug|Any CPU
		{BE5DB8A1-6719-404B-A1AF-D6CD2C79A689}.Release|Any CPU.ActiveCfg = Release|Any CPU
		{BE5DB8A1-6719-404B-A1AF-D6CD2C79A689}.Release|Any CPU.Build.0 = Release|Any CPU
		{BE5DB8A1-6719-404B-A1AF-D6CD2C79A689}.Release|x64.ActiveCfg = Release|Any CPU
		{BE5DB8A1-6719-404B-A1AF-D6CD2C79A689}.Release|x64.Build.0 = Release|Any CPU
		{BE5DB8A1-6719-404B-A1AF-D6CD2C79A689}.Release|x86.ActiveCfg = Release|Any CPU
		{BE5DB8A1-6719-404B-A1AF-D6CD2C79A689}.Release|x86.Build.0 = Release|Any CPU
		{EAA3463E-44C0-4811-BB03-3263616C7469}.Debug|Any CPU.ActiveCfg = Debug|Any CPU
		{EAA3463E-44C0-4811-BB03-3263616C7469}.Debug|Any CPU.Build.0 = Debug|Any CPU
		{EAA3463E-44C0-4811-BB03-3263616C7469}.Debug|x64.ActiveCfg = Debug|Any CPU
		{EAA3463E-44C0-4811-BB03-3263616C7469}.Debug|x64.Build.0 = Debug|Any CPU
		{EAA3463E-44C0-4811-BB03-3263616C7469}.Debug|x86.ActiveCfg = Debug|Any CPU
		{EAA3463E-44C0-4811-BB03-3263616C7469}.Debug|x86.Build.0 = Debug|Any CPU
		{EAA3463E-44C0-4811-BB03-3263616C7469}.Release|Any CPU.ActiveCfg = Release|Any CPU
		{EAA3463E-44C0-4811-BB03-3263616C7469}.Release|Any CPU.Build.0 = Release|Any CPU
		{EAA3463E-44C0-4811-BB03-3263616C7469}.Release|x64.ActiveCfg = Release|Any CPU
		{EAA3463E-44C0-4811-BB03-3263616C7469}.Release|x64.Build.0 = Release|Any CPU
		{EAA3463E-44C0-4811-BB03-3263616C7469}.Release|x86.ActiveCfg = Release|Any CPU
		{EAA3463E-44C0-4811-BB03-3263616C7469}.Release|x86.Build.0 = Release|Any CPU
		{B057E849-D1F5-44B0-89A5-999E191464AA}.Debug|Any CPU.ActiveCfg = Debug|Any CPU
		{B057E849-D1F5-44B0-89A5-999E191464AA}.Debug|Any CPU.Build.0 = Debug|Any CPU
		{B057E849-D1F5-44B0-89A5-999E191464AA}.Debug|x64.ActiveCfg = Debug|Any CPU
		{B057E849-D1F5-44B0-89A5-999E191464AA}.Debug|x64.Build.0 = Debug|Any CPU
		{B057E849-D1F5-44B0-89A5-999E191464AA}.Debug|x86.ActiveCfg = Debug|Any CPU
		{B057E849-D1F5-44B0-89A5-999E191464AA}.Debug|x86.Build.0 = Debug|Any CPU
		{B057E849-D1F5-44B0-89A5-999E191464AA}.Release|Any CPU.ActiveCfg = Release|Any CPU
		{B057E849-D1F5-44B0-89A5-999E191464AA}.Release|Any CPU.Build.0 = Release|Any CPU
		{B057E849-D1F5-44B0-89A5-999E191464AA}.Release|x64.ActiveCfg = Release|Any CPU
		{B057E849-D1F5-44B0-89A5-999E191464AA}.Release|x64.Build.0 = Release|Any CPU
		{B057E849-D1F5-44B0-89A5-999E191464AA}.Release|x86.ActiveCfg = Release|Any CPU
		{B057E849-D1F5-44B0-89A5-999E191464AA}.Release|x86.Build.0 = Release|Any CPU
		{3FE4580E-8BB8-4C28-82FD-4526A3083A40}.Debug|Any CPU.ActiveCfg = Debug|Any CPU
		{3FE4580E-8BB8-4C28-82FD-4526A3083A40}.Debug|Any CPU.Build.0 = Debug|Any CPU
		{3FE4580E-8BB8-4C28-82FD-4526A3083A40}.Debug|x64.ActiveCfg = Debug|Any CPU
		{3FE4580E-8BB8-4C28-82FD-4526A3083A40}.Debug|x64.Build.0 = Debug|Any CPU
		{3FE4580E-8BB8-4C28-82FD-4526A3083A40}.Debug|x86.ActiveCfg = Debug|Any CPU
		{3FE4580E-8BB8-4C28-82FD-4526A3083A40}.Debug|x86.Build.0 = Debug|Any CPU
		{3FE4580E-8BB8-4C28-82FD-4526A3083A40}.Release|Any CPU.ActiveCfg = Release|Any CPU
		{3FE4580E-8BB8-4C28-82FD-4526A3083A40}.Release|Any CPU.Build.0 = Release|Any CPU
		{3FE4580E-8BB8-4C28-82FD-4526A3083A40}.Release|x64.ActiveCfg = Release|Any CPU
		{3FE4580E-8BB8-4C28-82FD-4526A3083A40}.Release|x64.Build.0 = Release|Any CPU
		{3FE4580E-8BB8-4C28-82FD-4526A3083A40}.Release|x86.ActiveCfg = Release|Any CPU
		{3FE4580E-8BB8-4C28-82FD-4526A3083A40}.Release|x86.Build.0 = Release|Any CPU
		{8BF88E85-2DBE-4CB2-8B9E-9677B847B78E}.Debug|Any CPU.ActiveCfg = Debug|Any CPU
		{8BF88E85-2DBE-4CB2-8B9E-9677B847B78E}.Debug|Any CPU.Build.0 = Debug|Any CPU
		{8BF88E85-2DBE-4CB2-8B9E-9677B847B78E}.Debug|x64.ActiveCfg = Debug|Any CPU
		{8BF88E85-2DBE-4CB2-8B9E-9677B847B78E}.Debug|x64.Build.0 = Debug|Any CPU
		{8BF88E85-2DBE-4CB2-8B9E-9677B847B78E}.Debug|x86.ActiveCfg = Debug|Any CPU
		{8BF88E85-2DBE-4CB2-8B9E-9677B847B78E}.Debug|x86.Build.0 = Debug|Any CPU
		{8BF88E85-2DBE-4CB2-8B9E-9677B847B78E}.Release|Any CPU.ActiveCfg = Release|Any CPU
		{8BF88E85-2DBE-4CB2-8B9E-9677B847B78E}.Release|Any CPU.Build.0 = Release|Any CPU
		{8BF88E85-2DBE-4CB2-8B9E-9677B847B78E}.Release|x64.ActiveCfg = Release|Any CPU
		{8BF88E85-2DBE-4CB2-8B9E-9677B847B78E}.Release|x64.Build.0 = Release|Any CPU
		{8BF88E85-2DBE-4CB2-8B9E-9677B847B78E}.Release|x86.ActiveCfg = Release|Any CPU
		{8BF88E85-2DBE-4CB2-8B9E-9677B847B78E}.Release|x86.Build.0 = Release|Any CPU
		{FB944061-AE6B-44AD-9191-BFEDF4ED2672}.Debug|Any CPU.ActiveCfg = Debug|Any CPU
		{FB944061-AE6B-44AD-9191-BFEDF4ED2672}.Debug|Any CPU.Build.0 = Debug|Any CPU
		{FB944061-AE6B-44AD-9191-BFEDF4ED2672}.Debug|x64.ActiveCfg = Debug|Any CPU
		{FB944061-AE6B-44AD-9191-BFEDF4ED2672}.Debug|x64.Build.0 = Debug|Any CPU
		{FB944061-AE6B-44AD-9191-BFEDF4ED2672}.Debug|x86.ActiveCfg = Debug|Any CPU
		{FB944061-AE6B-44AD-9191-BFEDF4ED2672}.Debug|x86.Build.0 = Debug|Any CPU
		{FB944061-AE6B-44AD-9191-BFEDF4ED2672}.Release|Any CPU.ActiveCfg = Release|Any CPU
		{FB944061-AE6B-44AD-9191-BFEDF4ED2672}.Release|Any CPU.Build.0 = Release|Any CPU
		{FB944061-AE6B-44AD-9191-BFEDF4ED2672}.Release|x64.ActiveCfg = Release|Any CPU
		{FB944061-AE6B-44AD-9191-BFEDF4ED2672}.Release|x64.Build.0 = Release|Any CPU
		{FB944061-AE6B-44AD-9191-BFEDF4ED2672}.Release|x86.ActiveCfg = Release|Any CPU
		{FB944061-AE6B-44AD-9191-BFEDF4ED2672}.Release|x86.Build.0 = Release|Any CPU
		{1D9DF2D1-7755-4756-9D71-CBB5FFB08BE0}.Debug|Any CPU.ActiveCfg = Debug|Any CPU
		{1D9DF2D1-7755-4756-9D71-CBB5FFB08BE0}.Debug|Any CPU.Build.0 = Debug|Any CPU
		{1D9DF2D1-7755-4756-9D71-CBB5FFB08BE0}.Debug|x64.ActiveCfg = Debug|Any CPU
		{1D9DF2D1-7755-4756-9D71-CBB5FFB08BE0}.Debug|x64.Build.0 = Debug|Any CPU
		{1D9DF2D1-7755-4756-9D71-CBB5FFB08BE0}.Debug|x86.ActiveCfg = Debug|Any CPU
		{1D9DF2D1-7755-4756-9D71-CBB5FFB08BE0}.Debug|x86.Build.0 = Debug|Any CPU
		{1D9DF2D1-7755-4756-9D71-CBB5FFB08BE0}.Release|Any CPU.ActiveCfg = Release|Any CPU
		{1D9DF2D1-7755-4756-9D71-CBB5FFB08BE0}.Release|Any CPU.Build.0 = Release|Any CPU
		{1D9DF2D1-7755-4756-9D71-CBB5FFB08BE0}.Release|x64.ActiveCfg = Release|Any CPU
		{1D9DF2D1-7755-4756-9D71-CBB5FFB08BE0}.Release|x64.Build.0 = Release|Any CPU
		{1D9DF2D1-7755-4756-9D71-CBB5FFB08BE0}.Release|x86.ActiveCfg = Release|Any CPU
		{1D9DF2D1-7755-4756-9D71-CBB5FFB08BE0}.Release|x86.Build.0 = Release|Any CPU
		{0180E670-CC5E-46BC-9BE4-6221942EA041}.Debug|Any CPU.ActiveCfg = Debug|Any CPU
		{0180E670-CC5E-46BC-9BE4-6221942EA041}.Debug|Any CPU.Build.0 = Debug|Any CPU
		{0180E670-CC5E-46BC-9BE4-6221942EA041}.Debug|x64.ActiveCfg = Debug|Any CPU
		{0180E670-CC5E-46BC-9BE4-6221942EA041}.Debug|x64.Build.0 = Debug|Any CPU
		{0180E670-CC5E-46BC-9BE4-6221942EA041}.Debug|x86.ActiveCfg = Debug|Any CPU
		{0180E670-CC5E-46BC-9BE4-6221942EA041}.Debug|x86.Build.0 = Debug|Any CPU
		{0180E670-CC5E-46BC-9BE4-6221942EA041}.Release|Any CPU.ActiveCfg = Release|Any CPU
		{0180E670-CC5E-46BC-9BE4-6221942EA041}.Release|Any CPU.Build.0 = Release|Any CPU
		{0180E670-CC5E-46BC-9BE4-6221942EA041}.Release|x64.ActiveCfg = Release|Any CPU
		{0180E670-CC5E-46BC-9BE4-6221942EA041}.Release|x64.Build.0 = Release|Any CPU
		{0180E670-CC5E-46BC-9BE4-6221942EA041}.Release|x86.ActiveCfg = Release|Any CPU
		{0180E670-CC5E-46BC-9BE4-6221942EA041}.Release|x86.Build.0 = Release|Any CPU
		{322E6A9B-7E24-45AF-8A01-45FF01329205}.Debug|Any CPU.ActiveCfg = Debug|Any CPU
		{322E6A9B-7E24-45AF-8A01-45FF01329205}.Debug|Any CPU.Build.0 = Debug|Any CPU
		{322E6A9B-7E24-45AF-8A01-45FF01329205}.Debug|x64.ActiveCfg = Debug|Any CPU
		{322E6A9B-7E24-45AF-8A01-45FF01329205}.Debug|x64.Build.0 = Debug|Any CPU
		{322E6A9B-7E24-45AF-8A01-45FF01329205}.Debug|x86.ActiveCfg = Debug|Any CPU
		{322E6A9B-7E24-45AF-8A01-45FF01329205}.Debug|x86.Build.0 = Debug|Any CPU
		{322E6A9B-7E24-45AF-8A01-45FF01329205}.Release|Any CPU.ActiveCfg = Release|Any CPU
		{322E6A9B-7E24-45AF-8A01-45FF01329205}.Release|Any CPU.Build.0 = Release|Any CPU
		{322E6A9B-7E24-45AF-8A01-45FF01329205}.Release|x64.ActiveCfg = Release|Any CPU
		{322E6A9B-7E24-45AF-8A01-45FF01329205}.Release|x64.Build.0 = Release|Any CPU
		{322E6A9B-7E24-45AF-8A01-45FF01329205}.Release|x86.ActiveCfg = Release|Any CPU
		{322E6A9B-7E24-45AF-8A01-45FF01329205}.Release|x86.Build.0 = Release|Any CPU
		{B2AE0EA0-D9B5-4F69-82C9-F8AA6DF56F78}.Debug|Any CPU.ActiveCfg = Debug|Any CPU
		{B2AE0EA0-D9B5-4F69-82C9-F8AA6DF56F78}.Debug|Any CPU.Build.0 = Debug|Any CPU
		{B2AE0EA0-D9B5-4F69-82C9-F8AA6DF56F78}.Debug|x64.ActiveCfg = Debug|Any CPU
		{B2AE0EA0-D9B5-4F69-82C9-F8AA6DF56F78}.Debug|x64.Build.0 = Debug|Any CPU
		{B2AE0EA0-D9B5-4F69-82C9-F8AA6DF56F78}.Debug|x86.ActiveCfg = Debug|Any CPU
		{B2AE0EA0-D9B5-4F69-82C9-F8AA6DF56F78}.Debug|x86.Build.0 = Debug|Any CPU
		{B2AE0EA0-D9B5-4F69-82C9-F8AA6DF56F78}.Release|Any CPU.ActiveCfg = Release|Any CPU
		{B2AE0EA0-D9B5-4F69-82C9-F8AA6DF56F78}.Release|Any CPU.Build.0 = Release|Any CPU
		{B2AE0EA0-D9B5-4F69-82C9-F8AA6DF56F78}.Release|x64.ActiveCfg = Release|Any CPU
		{B2AE0EA0-D9B5-4F69-82C9-F8AA6DF56F78}.Release|x64.Build.0 = Release|Any CPU
		{B2AE0EA0-D9B5-4F69-82C9-F8AA6DF56F78}.Release|x86.ActiveCfg = Release|Any CPU
		{B2AE0EA0-D9B5-4F69-82C9-F8AA6DF56F78}.Release|x86.Build.0 = Release|Any CPU
		{9CA06563-B254-464A-9329-9ED8B48C9C7D}.Debug|Any CPU.ActiveCfg = Debug|Any CPU
		{9CA06563-B254-464A-9329-9ED8B48C9C7D}.Debug|Any CPU.Build.0 = Debug|Any CPU
		{9CA06563-B254-464A-9329-9ED8B48C9C7D}.Debug|x64.ActiveCfg = Debug|Any CPU
		{9CA06563-B254-464A-9329-9ED8B48C9C7D}.Debug|x64.Build.0 = Debug|Any CPU
		{9CA06563-B254-464A-9329-9ED8B48C9C7D}.Debug|x86.ActiveCfg = Debug|Any CPU
		{9CA06563-B254-464A-9329-9ED8B48C9C7D}.Debug|x86.Build.0 = Debug|Any CPU
		{9CA06563-B254-464A-9329-9ED8B48C9C7D}.Release|Any CPU.ActiveCfg = Release|Any CPU
		{9CA06563-B254-464A-9329-9ED8B48C9C7D}.Release|Any CPU.Build.0 = Release|Any CPU
		{9CA06563-B254-464A-9329-9ED8B48C9C7D}.Release|x64.ActiveCfg = Release|Any CPU
		{9CA06563-B254-464A-9329-9ED8B48C9C7D}.Release|x64.Build.0 = Release|Any CPU
		{9CA06563-B254-464A-9329-9ED8B48C9C7D}.Release|x86.ActiveCfg = Release|Any CPU
		{9CA06563-B254-464A-9329-9ED8B48C9C7D}.Release|x86.Build.0 = Release|Any CPU
		{6170475B-F3AE-4DFC-B62B-BCA69EEBC386}.Debug|Any CPU.ActiveCfg = Debug|Any CPU
		{6170475B-F3AE-4DFC-B62B-BCA69EEBC386}.Debug|Any CPU.Build.0 = Debug|Any CPU
		{6170475B-F3AE-4DFC-B62B-BCA69EEBC386}.Debug|x64.ActiveCfg = Debug|Any CPU
		{6170475B-F3AE-4DFC-B62B-BCA69EEBC386}.Debug|x64.Build.0 = Debug|Any CPU
		{6170475B-F3AE-4DFC-B62B-BCA69EEBC386}.Debug|x86.ActiveCfg = Debug|Any CPU
		{6170475B-F3AE-4DFC-B62B-BCA69EEBC386}.Debug|x86.Build.0 = Debug|Any CPU
		{6170475B-F3AE-4DFC-B62B-BCA69EEBC386}.Release|Any CPU.ActiveCfg = Release|Any CPU
		{6170475B-F3AE-4DFC-B62B-BCA69EEBC386}.Release|Any CPU.Build.0 = Release|Any CPU
		{6170475B-F3AE-4DFC-B62B-BCA69EEBC386}.Release|x64.ActiveCfg = Release|Any CPU
		{6170475B-F3AE-4DFC-B62B-BCA69EEBC386}.Release|x64.Build.0 = Release|Any CPU
		{6170475B-F3AE-4DFC-B62B-BCA69EEBC386}.Release|x86.ActiveCfg = Release|Any CPU
		{6170475B-F3AE-4DFC-B62B-BCA69EEBC386}.Release|x86.Build.0 = Release|Any CPU
		{B969BF1C-6311-4368-94B1-1D87119C5B9B}.Debug|Any CPU.ActiveCfg = Debug|Any CPU
		{B969BF1C-6311-4368-94B1-1D87119C5B9B}.Debug|Any CPU.Build.0 = Debug|Any CPU
		{B969BF1C-6311-4368-94B1-1D87119C5B9B}.Debug|x64.ActiveCfg = Debug|Any CPU
		{B969BF1C-6311-4368-94B1-1D87119C5B9B}.Debug|x64.Build.0 = Debug|Any CPU
		{B969BF1C-6311-4368-94B1-1D87119C5B9B}.Debug|x86.ActiveCfg = Debug|Any CPU
		{B969BF1C-6311-4368-94B1-1D87119C5B9B}.Debug|x86.Build.0 = Debug|Any CPU
		{B969BF1C-6311-4368-94B1-1D87119C5B9B}.Release|Any CPU.ActiveCfg = Release|Any CPU
		{B969BF1C-6311-4368-94B1-1D87119C5B9B}.Release|Any CPU.Build.0 = Release|Any CPU
		{B969BF1C-6311-4368-94B1-1D87119C5B9B}.Release|x64.ActiveCfg = Release|Any CPU
		{B969BF1C-6311-4368-94B1-1D87119C5B9B}.Release|x64.Build.0 = Release|Any CPU
		{B969BF1C-6311-4368-94B1-1D87119C5B9B}.Release|x86.ActiveCfg = Release|Any CPU
		{B969BF1C-6311-4368-94B1-1D87119C5B9B}.Release|x86.Build.0 = Release|Any CPU
		{47B474A6-5512-4819-AC76-CF6305D44880}.Debug|Any CPU.ActiveCfg = Debug|Any CPU
		{47B474A6-5512-4819-AC76-CF6305D44880}.Debug|Any CPU.Build.0 = Debug|Any CPU
		{47B474A6-5512-4819-AC76-CF6305D44880}.Debug|x64.ActiveCfg = Debug|Any CPU
		{47B474A6-5512-4819-AC76-CF6305D44880}.Debug|x64.Build.0 = Debug|Any CPU
		{47B474A6-5512-4819-AC76-CF6305D44880}.Debug|x86.ActiveCfg = Debug|Any CPU
		{47B474A6-5512-4819-AC76-CF6305D44880}.Debug|x86.Build.0 = Debug|Any CPU
		{47B474A6-5512-4819-AC76-CF6305D44880}.Release|Any CPU.ActiveCfg = Release|Any CPU
		{47B474A6-5512-4819-AC76-CF6305D44880}.Release|Any CPU.Build.0 = Release|Any CPU
		{47B474A6-5512-4819-AC76-CF6305D44880}.Release|x64.ActiveCfg = Release|Any CPU
		{47B474A6-5512-4819-AC76-CF6305D44880}.Release|x64.Build.0 = Release|Any CPU
		{47B474A6-5512-4819-AC76-CF6305D44880}.Release|x86.ActiveCfg = Release|Any CPU
		{47B474A6-5512-4819-AC76-CF6305D44880}.Release|x86.Build.0 = Release|Any CPU
		{0E94AE4D-3CB3-4210-91D5-D7B269CC663D}.Debug|Any CPU.ActiveCfg = Debug|Any CPU
		{0E94AE4D-3CB3-4210-91D5-D7B269CC663D}.Debug|Any CPU.Build.0 = Debug|Any CPU
		{0E94AE4D-3CB3-4210-91D5-D7B269CC663D}.Debug|x64.ActiveCfg = Debug|Any CPU
		{0E94AE4D-3CB3-4210-91D5-D7B269CC663D}.Debug|x64.Build.0 = Debug|Any CPU
		{0E94AE4D-3CB3-4210-91D5-D7B269CC663D}.Debug|x86.ActiveCfg = Debug|Any CPU
		{0E94AE4D-3CB3-4210-91D5-D7B269CC663D}.Debug|x86.Build.0 = Debug|Any CPU
		{0E94AE4D-3CB3-4210-91D5-D7B269CC663D}.Release|Any CPU.ActiveCfg = Release|Any CPU
		{0E94AE4D-3CB3-4210-91D5-D7B269CC663D}.Release|Any CPU.Build.0 = Release|Any CPU
		{0E94AE4D-3CB3-4210-91D5-D7B269CC663D}.Release|x64.ActiveCfg = Release|Any CPU
		{0E94AE4D-3CB3-4210-91D5-D7B269CC663D}.Release|x64.Build.0 = Release|Any CPU
		{0E94AE4D-3CB3-4210-91D5-D7B269CC663D}.Release|x86.ActiveCfg = Release|Any CPU
		{0E94AE4D-3CB3-4210-91D5-D7B269CC663D}.Release|x86.Build.0 = Release|Any CPU
		{7A6670B7-06D7-4717-BC0E-E4B0980E849C}.Debug|Any CPU.ActiveCfg = Debug|Any CPU
		{7A6670B7-06D7-4717-BC0E-E4B0980E849C}.Debug|Any CPU.Build.0 = Debug|Any CPU
		{7A6670B7-06D7-4717-BC0E-E4B0980E849C}.Debug|x64.ActiveCfg = Debug|Any CPU
		{7A6670B7-06D7-4717-BC0E-E4B0980E849C}.Debug|x64.Build.0 = Debug|Any CPU
		{7A6670B7-06D7-4717-BC0E-E4B0980E849C}.Debug|x86.ActiveCfg = Debug|Any CPU
		{7A6670B7-06D7-4717-BC0E-E4B0980E849C}.Debug|x86.Build.0 = Debug|Any CPU
		{7A6670B7-06D7-4717-BC0E-E4B0980E849C}.Release|Any CPU.ActiveCfg = Release|Any CPU
		{7A6670B7-06D7-4717-BC0E-E4B0980E849C}.Release|Any CPU.Build.0 = Release|Any CPU
		{7A6670B7-06D7-4717-BC0E-E4B0980E849C}.Release|x64.ActiveCfg = Release|Any CPU
		{7A6670B7-06D7-4717-BC0E-E4B0980E849C}.Release|x64.Build.0 = Release|Any CPU
		{7A6670B7-06D7-4717-BC0E-E4B0980E849C}.Release|x86.ActiveCfg = Release|Any CPU
		{7A6670B7-06D7-4717-BC0E-E4B0980E849C}.Release|x86.Build.0 = Release|Any CPU
		{F4AA4C57-579E-4A21-A44E-DFE6A93CEFB1}.Debug|Any CPU.ActiveCfg = Debug|Any CPU
		{F4AA4C57-579E-4A21-A44E-DFE6A93CEFB1}.Debug|Any CPU.Build.0 = Debug|Any CPU
		{F4AA4C57-579E-4A21-A44E-DFE6A93CEFB1}.Debug|x64.ActiveCfg = Debug|Any CPU
		{F4AA4C57-579E-4A21-A44E-DFE6A93CEFB1}.Debug|x64.Build.0 = Debug|Any CPU
		{F4AA4C57-579E-4A21-A44E-DFE6A93CEFB1}.Debug|x86.ActiveCfg = Debug|Any CPU
		{F4AA4C57-579E-4A21-A44E-DFE6A93CEFB1}.Debug|x86.Build.0 = Debug|Any CPU
		{F4AA4C57-579E-4A21-A44E-DFE6A93CEFB1}.Release|Any CPU.ActiveCfg = Release|Any CPU
		{F4AA4C57-579E-4A21-A44E-DFE6A93CEFB1}.Release|Any CPU.Build.0 = Release|Any CPU
		{F4AA4C57-579E-4A21-A44E-DFE6A93CEFB1}.Release|x64.ActiveCfg = Release|Any CPU
		{F4AA4C57-579E-4A21-A44E-DFE6A93CEFB1}.Release|x64.Build.0 = Release|Any CPU
		{F4AA4C57-579E-4A21-A44E-DFE6A93CEFB1}.Release|x86.ActiveCfg = Release|Any CPU
		{F4AA4C57-579E-4A21-A44E-DFE6A93CEFB1}.Release|x86.Build.0 = Release|Any CPU
		{4C63D2A5-38D4-4F40-8C2B-48681F99E868}.Debug|Any CPU.ActiveCfg = Debug|Any CPU
		{4C63D2A5-38D4-4F40-8C2B-48681F99E868}.Debug|Any CPU.Build.0 = Debug|Any CPU
		{4C63D2A5-38D4-4F40-8C2B-48681F99E868}.Debug|x64.ActiveCfg = Debug|Any CPU
		{4C63D2A5-38D4-4F40-8C2B-48681F99E868}.Debug|x64.Build.0 = Debug|Any CPU
		{4C63D2A5-38D4-4F40-8C2B-48681F99E868}.Debug|x86.ActiveCfg = Debug|Any CPU
		{4C63D2A5-38D4-4F40-8C2B-48681F99E868}.Debug|x86.Build.0 = Debug|Any CPU
		{4C63D2A5-38D4-4F40-8C2B-48681F99E868}.Release|Any CPU.ActiveCfg = Release|Any CPU
		{4C63D2A5-38D4-4F40-8C2B-48681F99E868}.Release|Any CPU.Build.0 = Release|Any CPU
		{4C63D2A5-38D4-4F40-8C2B-48681F99E868}.Release|x64.ActiveCfg = Release|Any CPU
		{4C63D2A5-38D4-4F40-8C2B-48681F99E868}.Release|x64.Build.0 = Release|Any CPU
		{4C63D2A5-38D4-4F40-8C2B-48681F99E868}.Release|x86.ActiveCfg = Release|Any CPU
		{4C63D2A5-38D4-4F40-8C2B-48681F99E868}.Release|x86.Build.0 = Release|Any CPU
		{70B3CCE0-2E4F-4E3F-855F-0E980A3684F2}.Debug|Any CPU.ActiveCfg = Debug|Any CPU
		{70B3CCE0-2E4F-4E3F-855F-0E980A3684F2}.Debug|Any CPU.Build.0 = Debug|Any CPU
		{70B3CCE0-2E4F-4E3F-855F-0E980A3684F2}.Debug|x64.ActiveCfg = Debug|Any CPU
		{70B3CCE0-2E4F-4E3F-855F-0E980A3684F2}.Debug|x64.Build.0 = Debug|Any CPU
		{70B3CCE0-2E4F-4E3F-855F-0E980A3684F2}.Debug|x86.ActiveCfg = Debug|Any CPU
		{70B3CCE0-2E4F-4E3F-855F-0E980A3684F2}.Debug|x86.Build.0 = Debug|Any CPU
		{70B3CCE0-2E4F-4E3F-855F-0E980A3684F2}.Release|Any CPU.ActiveCfg = Release|Any CPU
		{70B3CCE0-2E4F-4E3F-855F-0E980A3684F2}.Release|Any CPU.Build.0 = Release|Any CPU
		{70B3CCE0-2E4F-4E3F-855F-0E980A3684F2}.Release|x64.ActiveCfg = Release|Any CPU
		{70B3CCE0-2E4F-4E3F-855F-0E980A3684F2}.Release|x64.Build.0 = Release|Any CPU
		{70B3CCE0-2E4F-4E3F-855F-0E980A3684F2}.Release|x86.ActiveCfg = Release|Any CPU
		{70B3CCE0-2E4F-4E3F-855F-0E980A3684F2}.Release|x86.Build.0 = Release|Any CPU
		{4009FD30-5527-4995-8605-29572B934387}.Debug|Any CPU.ActiveCfg = Debug|Any CPU
		{4009FD30-5527-4995-8605-29572B934387}.Debug|Any CPU.Build.0 = Debug|Any CPU
		{4009FD30-5527-4995-8605-29572B934387}.Debug|x64.ActiveCfg = Debug|Any CPU
		{4009FD30-5527-4995-8605-29572B934387}.Debug|x64.Build.0 = Debug|Any CPU
		{4009FD30-5527-4995-8605-29572B934387}.Debug|x86.ActiveCfg = Debug|Any CPU
		{4009FD30-5527-4995-8605-29572B934387}.Debug|x86.Build.0 = Debug|Any CPU
		{4009FD30-5527-4995-8605-29572B934387}.Release|Any CPU.ActiveCfg = Release|Any CPU
		{4009FD30-5527-4995-8605-29572B934387}.Release|Any CPU.Build.0 = Release|Any CPU
		{4009FD30-5527-4995-8605-29572B934387}.Release|x64.ActiveCfg = Release|Any CPU
		{4009FD30-5527-4995-8605-29572B934387}.Release|x64.Build.0 = Release|Any CPU
		{4009FD30-5527-4995-8605-29572B934387}.Release|x86.ActiveCfg = Release|Any CPU
		{4009FD30-5527-4995-8605-29572B934387}.Release|x86.Build.0 = Release|Any CPU
		{3D3CCACD-AF27-4B7C-B3C5-F493D368F79F}.Debug|Any CPU.ActiveCfg = Debug|Any CPU
		{3D3CCACD-AF27-4B7C-B3C5-F493D368F79F}.Debug|Any CPU.Build.0 = Debug|Any CPU
		{3D3CCACD-AF27-4B7C-B3C5-F493D368F79F}.Debug|x64.ActiveCfg = Debug|Any CPU
		{3D3CCACD-AF27-4B7C-B3C5-F493D368F79F}.Debug|x64.Build.0 = Debug|Any CPU
		{3D3CCACD-AF27-4B7C-B3C5-F493D368F79F}.Debug|x86.ActiveCfg = Debug|Any CPU
		{3D3CCACD-AF27-4B7C-B3C5-F493D368F79F}.Debug|x86.Build.0 = Debug|Any CPU
		{3D3CCACD-AF27-4B7C-B3C5-F493D368F79F}.Release|Any CPU.ActiveCfg = Release|Any CPU
		{3D3CCACD-AF27-4B7C-B3C5-F493D368F79F}.Release|Any CPU.Build.0 = Release|Any CPU
		{3D3CCACD-AF27-4B7C-B3C5-F493D368F79F}.Release|x64.ActiveCfg = Release|Any CPU
		{3D3CCACD-AF27-4B7C-B3C5-F493D368F79F}.Release|x64.Build.0 = Release|Any CPU
		{3D3CCACD-AF27-4B7C-B3C5-F493D368F79F}.Release|x86.ActiveCfg = Release|Any CPU
		{3D3CCACD-AF27-4B7C-B3C5-F493D368F79F}.Release|x86.Build.0 = Release|Any CPU
		{0AB72B86-E59F-478B-A6DF-87D43DF54CE6}.Debug|Any CPU.ActiveCfg = Debug|Any CPU
		{0AB72B86-E59F-478B-A6DF-87D43DF54CE6}.Debug|Any CPU.Build.0 = Debug|Any CPU
		{0AB72B86-E59F-478B-A6DF-87D43DF54CE6}.Debug|x64.ActiveCfg = Debug|Any CPU
		{0AB72B86-E59F-478B-A6DF-87D43DF54CE6}.Debug|x64.Build.0 = Debug|Any CPU
		{0AB72B86-E59F-478B-A6DF-87D43DF54CE6}.Debug|x86.ActiveCfg = Debug|Any CPU
		{0AB72B86-E59F-478B-A6DF-87D43DF54CE6}.Debug|x86.Build.0 = Debug|Any CPU
		{0AB72B86-E59F-478B-A6DF-87D43DF54CE6}.Release|Any CPU.ActiveCfg = Release|Any CPU
		{0AB72B86-E59F-478B-A6DF-87D43DF54CE6}.Release|Any CPU.Build.0 = Release|Any CPU
		{0AB72B86-E59F-478B-A6DF-87D43DF54CE6}.Release|x64.ActiveCfg = Release|Any CPU
		{0AB72B86-E59F-478B-A6DF-87D43DF54CE6}.Release|x64.Build.0 = Release|Any CPU
		{0AB72B86-E59F-478B-A6DF-87D43DF54CE6}.Release|x86.ActiveCfg = Release|Any CPU
		{0AB72B86-E59F-478B-A6DF-87D43DF54CE6}.Release|x86.Build.0 = Release|Any CPU
		{89E745E5-799A-4936-945B-F4841FBDBCF7}.Debug|Any CPU.ActiveCfg = Debug|Any CPU
		{89E745E5-799A-4936-945B-F4841FBDBCF7}.Debug|Any CPU.Build.0 = Debug|Any CPU
		{89E745E5-799A-4936-945B-F4841FBDBCF7}.Debug|x64.ActiveCfg = Debug|Any CPU
		{89E745E5-799A-4936-945B-F4841FBDBCF7}.Debug|x64.Build.0 = Debug|Any CPU
		{89E745E5-799A-4936-945B-F4841FBDBCF7}.Debug|x86.ActiveCfg = Debug|Any CPU
		{89E745E5-799A-4936-945B-F4841FBDBCF7}.Debug|x86.Build.0 = Debug|Any CPU
		{89E745E5-799A-4936-945B-F4841FBDBCF7}.Release|Any CPU.ActiveCfg = Release|Any CPU
		{89E745E5-799A-4936-945B-F4841FBDBCF7}.Release|Any CPU.Build.0 = Release|Any CPU
		{89E745E5-799A-4936-945B-F4841FBDBCF7}.Release|x64.ActiveCfg = Release|Any CPU
		{89E745E5-799A-4936-945B-F4841FBDBCF7}.Release|x64.Build.0 = Release|Any CPU
		{89E745E5-799A-4936-945B-F4841FBDBCF7}.Release|x86.ActiveCfg = Release|Any CPU
		{89E745E5-799A-4936-945B-F4841FBDBCF7}.Release|x86.Build.0 = Release|Any CPU
		{20EF48A5-1CF8-489F-923E-0E13D28E3010}.Debug|Any CPU.ActiveCfg = Debug|Any CPU
		{20EF48A5-1CF8-489F-923E-0E13D28E3010}.Debug|Any CPU.Build.0 = Debug|Any CPU
		{20EF48A5-1CF8-489F-923E-0E13D28E3010}.Debug|x64.ActiveCfg = Debug|Any CPU
		{20EF48A5-1CF8-489F-923E-0E13D28E3010}.Debug|x64.Build.0 = Debug|Any CPU
		{20EF48A5-1CF8-489F-923E-0E13D28E3010}.Debug|x86.ActiveCfg = Debug|Any CPU
		{20EF48A5-1CF8-489F-923E-0E13D28E3010}.Debug|x86.Build.0 = Debug|Any CPU
		{20EF48A5-1CF8-489F-923E-0E13D28E3010}.Release|Any CPU.ActiveCfg = Release|Any CPU
		{20EF48A5-1CF8-489F-923E-0E13D28E3010}.Release|Any CPU.Build.0 = Release|Any CPU
		{20EF48A5-1CF8-489F-923E-0E13D28E3010}.Release|x64.ActiveCfg = Release|Any CPU
		{20EF48A5-1CF8-489F-923E-0E13D28E3010}.Release|x64.Build.0 = Release|Any CPU
		{20EF48A5-1CF8-489F-923E-0E13D28E3010}.Release|x86.ActiveCfg = Release|Any CPU
		{20EF48A5-1CF8-489F-923E-0E13D28E3010}.Release|x86.Build.0 = Release|Any CPU
		{ADF2BA94-5F2A-4C0C-9146-DD09C3B1346A}.Debug|Any CPU.ActiveCfg = Debug|Any CPU
		{ADF2BA94-5F2A-4C0C-9146-DD09C3B1346A}.Debug|Any CPU.Build.0 = Debug|Any CPU
		{ADF2BA94-5F2A-4C0C-9146-DD09C3B1346A}.Debug|x64.ActiveCfg = Debug|Any CPU
		{ADF2BA94-5F2A-4C0C-9146-DD09C3B1346A}.Debug|x64.Build.0 = Debug|Any CPU
		{ADF2BA94-5F2A-4C0C-9146-DD09C3B1346A}.Debug|x86.ActiveCfg = Debug|Any CPU
		{ADF2BA94-5F2A-4C0C-9146-DD09C3B1346A}.Debug|x86.Build.0 = Debug|Any CPU
		{ADF2BA94-5F2A-4C0C-9146-DD09C3B1346A}.Release|Any CPU.ActiveCfg = Release|Any CPU
		{ADF2BA94-5F2A-4C0C-9146-DD09C3B1346A}.Release|Any CPU.Build.0 = Release|Any CPU
		{ADF2BA94-5F2A-4C0C-9146-DD09C3B1346A}.Release|x64.ActiveCfg = Release|Any CPU
		{ADF2BA94-5F2A-4C0C-9146-DD09C3B1346A}.Release|x64.Build.0 = Release|Any CPU
		{ADF2BA94-5F2A-4C0C-9146-DD09C3B1346A}.Release|x86.ActiveCfg = Release|Any CPU
		{ADF2BA94-5F2A-4C0C-9146-DD09C3B1346A}.Release|x86.Build.0 = Release|Any CPU
		{7FC15CE1-7F73-4A88-BABE-0B90CE812B93}.Debug|Any CPU.ActiveCfg = Debug|Any CPU
		{7FC15CE1-7F73-4A88-BABE-0B90CE812B93}.Debug|Any CPU.Build.0 = Debug|Any CPU
		{7FC15CE1-7F73-4A88-BABE-0B90CE812B93}.Debug|x64.ActiveCfg = Debug|Any CPU
		{7FC15CE1-7F73-4A88-BABE-0B90CE812B93}.Debug|x64.Build.0 = Debug|Any CPU
		{7FC15CE1-7F73-4A88-BABE-0B90CE812B93}.Debug|x86.ActiveCfg = Debug|Any CPU
		{7FC15CE1-7F73-4A88-BABE-0B90CE812B93}.Debug|x86.Build.0 = Debug|Any CPU
		{7FC15CE1-7F73-4A88-BABE-0B90CE812B93}.Release|Any CPU.ActiveCfg = Release|Any CPU
		{7FC15CE1-7F73-4A88-BABE-0B90CE812B93}.Release|Any CPU.Build.0 = Release|Any CPU
		{7FC15CE1-7F73-4A88-BABE-0B90CE812B93}.Release|x64.ActiveCfg = Release|Any CPU
		{7FC15CE1-7F73-4A88-BABE-0B90CE812B93}.Release|x64.Build.0 = Release|Any CPU
		{7FC15CE1-7F73-4A88-BABE-0B90CE812B93}.Release|x86.ActiveCfg = Release|Any CPU
		{7FC15CE1-7F73-4A88-BABE-0B90CE812B93}.Release|x86.Build.0 = Release|Any CPU
		{1219A73C-271D-48C3-BA39-3FD9C499656C}.Debug|Any CPU.ActiveCfg = Debug|Any CPU
		{1219A73C-271D-48C3-BA39-3FD9C499656C}.Debug|Any CPU.Build.0 = Debug|Any CPU
		{1219A73C-271D-48C3-BA39-3FD9C499656C}.Debug|x64.ActiveCfg = Debug|Any CPU
		{1219A73C-271D-48C3-BA39-3FD9C499656C}.Debug|x64.Build.0 = Debug|Any CPU
		{1219A73C-271D-48C3-BA39-3FD9C499656C}.Debug|x86.ActiveCfg = Debug|Any CPU
		{1219A73C-271D-48C3-BA39-3FD9C499656C}.Debug|x86.Build.0 = Debug|Any CPU
		{1219A73C-271D-48C3-BA39-3FD9C499656C}.Release|Any CPU.ActiveCfg = Release|Any CPU
		{1219A73C-271D-48C3-BA39-3FD9C499656C}.Release|Any CPU.Build.0 = Release|Any CPU
		{1219A73C-271D-48C3-BA39-3FD9C499656C}.Release|x64.ActiveCfg = Release|Any CPU
		{1219A73C-271D-48C3-BA39-3FD9C499656C}.Release|x64.Build.0 = Release|Any CPU
		{1219A73C-271D-48C3-BA39-3FD9C499656C}.Release|x86.ActiveCfg = Release|Any CPU
		{1219A73C-271D-48C3-BA39-3FD9C499656C}.Release|x86.Build.0 = Release|Any CPU
		{758FD576-7DB9-4A49-8C1B-DC47132B5B88}.Debug|Any CPU.ActiveCfg = Debug|Any CPU
		{758FD576-7DB9-4A49-8C1B-DC47132B5B88}.Debug|Any CPU.Build.0 = Debug|Any CPU
		{758FD576-7DB9-4A49-8C1B-DC47132B5B88}.Debug|x64.ActiveCfg = Debug|Any CPU
		{758FD576-7DB9-4A49-8C1B-DC47132B5B88}.Debug|x64.Build.0 = Debug|Any CPU
		{758FD576-7DB9-4A49-8C1B-DC47132B5B88}.Debug|x86.ActiveCfg = Debug|Any CPU
		{758FD576-7DB9-4A49-8C1B-DC47132B5B88}.Debug|x86.Build.0 = Debug|Any CPU
		{758FD576-7DB9-4A49-8C1B-DC47132B5B88}.Release|Any CPU.ActiveCfg = Release|Any CPU
		{758FD576-7DB9-4A49-8C1B-DC47132B5B88}.Release|Any CPU.Build.0 = Release|Any CPU
		{758FD576-7DB9-4A49-8C1B-DC47132B5B88}.Release|x64.ActiveCfg = Release|Any CPU
		{758FD576-7DB9-4A49-8C1B-DC47132B5B88}.Release|x64.Build.0 = Release|Any CPU
		{758FD576-7DB9-4A49-8C1B-DC47132B5B88}.Release|x86.ActiveCfg = Release|Any CPU
		{758FD576-7DB9-4A49-8C1B-DC47132B5B88}.Release|x86.Build.0 = Release|Any CPU
		{C398BB80-9837-4AC3-A659-D62D1676A2D1}.Debug|Any CPU.ActiveCfg = Debug|Any CPU
		{C398BB80-9837-4AC3-A659-D62D1676A2D1}.Debug|Any CPU.Build.0 = Debug|Any CPU
		{C398BB80-9837-4AC3-A659-D62D1676A2D1}.Debug|x64.ActiveCfg = Debug|Any CPU
		{C398BB80-9837-4AC3-A659-D62D1676A2D1}.Debug|x64.Build.0 = Debug|Any CPU
		{C398BB80-9837-4AC3-A659-D62D1676A2D1}.Debug|x86.ActiveCfg = Debug|Any CPU
		{C398BB80-9837-4AC3-A659-D62D1676A2D1}.Debug|x86.Build.0 = Debug|Any CPU
		{C398BB80-9837-4AC3-A659-D62D1676A2D1}.Release|Any CPU.ActiveCfg = Release|Any CPU
		{C398BB80-9837-4AC3-A659-D62D1676A2D1}.Release|Any CPU.Build.0 = Release|Any CPU
		{C398BB80-9837-4AC3-A659-D62D1676A2D1}.Release|x64.ActiveCfg = Release|Any CPU
		{C398BB80-9837-4AC3-A659-D62D1676A2D1}.Release|x64.Build.0 = Release|Any CPU
		{C398BB80-9837-4AC3-A659-D62D1676A2D1}.Release|x86.ActiveCfg = Release|Any CPU
		{C398BB80-9837-4AC3-A659-D62D1676A2D1}.Release|x86.Build.0 = Release|Any CPU
	EndGlobalSection
	GlobalSection(NestedProjects) = preSolution
		{B5EABA59-CF66-4845-A3F0-65BD0E36DB86} = {8E4CBF3D-C622-4CF4-ADE0-02E1B9B679B1}
		{F970AC30-A4E7-4712-B520-EAC3E315FF02} = {335844A2-19FF-4906-BF30-567B37F02E99}
		{41B36687-E41A-4655-B0F0-E875B254FE8E} = {335844A2-19FF-4906-BF30-567B37F02E99}
		{68699A6B-7BA5-4D6C-AD75-21EC2D4F31EC} = {335844A2-19FF-4906-BF30-567B37F02E99}
		{686CB07F-970B-4768-B855-1E3BD450CB54} = {68699A6B-7BA5-4D6C-AD75-21EC2D4F31EC}
		{BE5DB8A1-6719-404B-A1AF-D6CD2C79A689} = {68699A6B-7BA5-4D6C-AD75-21EC2D4F31EC}
		{EAA3463E-44C0-4811-BB03-3263616C7469} = {68699A6B-7BA5-4D6C-AD75-21EC2D4F31EC}
		{B057E849-D1F5-44B0-89A5-999E191464AA} = {68699A6B-7BA5-4D6C-AD75-21EC2D4F31EC}
		{3FE4580E-8BB8-4C28-82FD-4526A3083A40} = {68699A6B-7BA5-4D6C-AD75-21EC2D4F31EC}
		{8BF88E85-2DBE-4CB2-8B9E-9677B847B78E} = {68699A6B-7BA5-4D6C-AD75-21EC2D4F31EC}
		{FB944061-AE6B-44AD-9191-BFEDF4ED2672} = {68699A6B-7BA5-4D6C-AD75-21EC2D4F31EC}
		{1D9DF2D1-7755-4756-9D71-CBB5FFB08BE0} = {68699A6B-7BA5-4D6C-AD75-21EC2D4F31EC}
		{DD3B1F38-461C-481B-8B3E-1975B0244A77} = {335844A2-19FF-4906-BF30-567B37F02E99}
		{0180E670-CC5E-46BC-9BE4-6221942EA041} = {DD3B1F38-461C-481B-8B3E-1975B0244A77}
		{322E6A9B-7E24-45AF-8A01-45FF01329205} = {DD3B1F38-461C-481B-8B3E-1975B0244A77}
		{B2AE0EA0-D9B5-4F69-82C9-F8AA6DF56F78} = {DD3B1F38-461C-481B-8B3E-1975B0244A77}
		{4DFD01C6-D1F6-427F-8577-CEAB993E833A} = {335844A2-19FF-4906-BF30-567B37F02E99}
		{9CA06563-B254-464A-9329-9ED8B48C9C7D} = {4DFD01C6-D1F6-427F-8577-CEAB993E833A}
		{6170475B-F3AE-4DFC-B62B-BCA69EEBC386} = {4DFD01C6-D1F6-427F-8577-CEAB993E833A}
		{B969BF1C-6311-4368-94B1-1D87119C5B9B} = {4DFD01C6-D1F6-427F-8577-CEAB993E833A}
		{47B474A6-5512-4819-AC76-CF6305D44880} = {4DFD01C6-D1F6-427F-8577-CEAB993E833A}
		{0E94AE4D-3CB3-4210-91D5-D7B269CC663D} = {4DFD01C6-D1F6-427F-8577-CEAB993E833A}
		{7A6670B7-06D7-4717-BC0E-E4B0980E849C} = {4DFD01C6-D1F6-427F-8577-CEAB993E833A}
		{F4AA4C57-579E-4A21-A44E-DFE6A93CEFB1} = {4DFD01C6-D1F6-427F-8577-CEAB993E833A}
		{4C63D2A5-38D4-4F40-8C2B-48681F99E868} = {8F370008-7FD0-4EC7-8011-5118A8C1FFDC}
		{70B3CCE0-2E4F-4E3F-855F-0E980A3684F2} = {8F370008-7FD0-4EC7-8011-5118A8C1FFDC}
		{4009FD30-5527-4995-8605-29572B934387} = {8F370008-7FD0-4EC7-8011-5118A8C1FFDC}
		{3D3CCACD-AF27-4B7C-B3C5-F493D368F79F} = {8F370008-7FD0-4EC7-8011-5118A8C1FFDC}
		{0AB72B86-E59F-478B-A6DF-87D43DF54CE6} = {8F370008-7FD0-4EC7-8011-5118A8C1FFDC}
		{89E745E5-799A-4936-945B-F4841FBDBCF7} = {C8EFE446-476D-47C4-B94B-94E000AF2E23}
		{20EF48A5-1CF8-489F-923E-0E13D28E3010} = {1BD19748-8286-490C-81D3-816C52ABCD76}
		{ADF2BA94-5F2A-4C0C-9146-DD09C3B1346A} = {1BD19748-8286-490C-81D3-816C52ABCD76}
		{7FC15CE1-7F73-4A88-BABE-0B90CE812B93} = {1BD19748-8286-490C-81D3-816C52ABCD76}
		{1219A73C-271D-48C3-BA39-3FD9C499656C} = {84ED55DB-6BA9-4FD5-A973-AAD71FBF6950}
		{758FD576-7DB9-4A49-8C1B-DC47132B5B88} = {84ED55DB-6BA9-4FD5-A973-AAD71FBF6950}
		{C398BB80-9837-4AC3-A659-D62D1676A2D1} = {ED36B974-DDB7-4A47-B747-27014B106D60}
	EndGlobalSection
EndGlobal
